Microsoft Visual Studio Solution File, Format Version 11.00
# Visual Studio 2008

Project("{5FCF4200-24BB-43CE-F79A-FF74F528FF72}") = "Evolution_cardgame", "Assembly-CSharp-firstpass.csproj", "{321BB76C-1C8B-CC16-E26B-CECDDB92DD17}"
EndProject
Project("{5FCF4200-24BB-43CE-F79A-FF74F528FF72}") = "Evolution_cardgame", "Assembly-CSharp.csproj", "{8DB1D44E-A97A-D44A-F17A-88DA22D4C02C}"
EndProject
Project("{5FCF4200-24BB-43CE-F79A-FF74F528FF72}") = "Evolution_cardgame", "Assembly-CSharp-Editor.csproj", "{38839608-9796-2505-0056-DD0ED979D8BE}"
EndProject
Global
	GlobalSection(SolutionConfigurationPlatforms) = preSolution
		Debug|Any CPU = Debug|Any CPU
		Release|Any CPU = Release|Any CPU
	EndGlobalSection
	GlobalSection(ProjectConfigurationPlatforms) = postSolution
		{321BB76C-1C8B-CC16-E26B-CECDDB92DD17}.Debug|Any CPU.ActiveCfg = Debug|Any CPU
		{321BB76C-1C8B-CC16-E26B-CECDDB92DD17}.Debug|Any CPU.Build.0 = Debug|Any CPU
		{321BB76C-1C8B-CC16-E26B-CECDDB92DD17}.Release|Any CPU.ActiveCfg = Release|Any CPU
		{321BB76C-1C8B-CC16-E26B-CECDDB92DD17}.Release|Any CPU.Build.0 = Release|Any CPU
		{8DB1D44E-A97A-D44A-F17A-88DA22D4C02C}.Debug|Any CPU.ActiveCfg = Debug|Any CPU
		{8DB1D44E-A97A-D44A-F17A-88DA22D4C02C}.Debug|Any CPU.Build.0 = Debug|Any CPU
		{8DB1D44E-A97A-D44A-F17A-88DA22D4C02C}.Release|Any CPU.ActiveCfg = Release|Any CPU
		{8DB1D44E-A97A-D44A-F17A-88DA22D4C02C}.Release|Any CPU.Build.0 = Release|Any CPU
		{38839608-9796-2505-0056-DD0ED979D8BE}.Debug|Any CPU.ActiveCfg = Debug|Any CPU
		{38839608-9796-2505-0056-DD0ED979D8BE}.Debug|Any CPU.Build.0 = Debug|Any CPU
		{38839608-9796-2505-0056-DD0ED979D8BE}.Release|Any CPU.ActiveCfg = Release|Any CPU
		{38839608-9796-2505-0056-DD0ED979D8BE}.Release|Any CPU.Build.0 = Release|Any CPU
	EndGlobalSection
	GlobalSection(SolutionProperties) = preSolution
		HideSolutionNode = FALSE
	EndGlobalSection
	GlobalSection(MonoDevelopProperties) = preSolution
		StartupItem = Assembly-CSharp.csproj
	EndGlobalSection
EndGlobal
